// !$*UTF8*$!
{
	archiveVersion = 1;
	classes = {
	};
	objectVersion = 50;
	objects = {

/* Begin PBXBuildFile section */
		34B08FF4A3ED43D18807729D /* Pods_Pacman.framework in Frameworks */ = {isa = PBXBuildFile; fileRef = 1E4110BC810ABEB4E8ED9C22 /* Pods_Pacman.framework */; };
		F515153027038EA70007CC21 /* BFS.swift in Sources */ = {isa = PBXBuildFile; fileRef = F515152F27038EA70007CC21 /* BFS.swift */; };
		F515153327038ECB0007CC21 /* Algorithm.swift in Sources */ = {isa = PBXBuildFile; fileRef = F515153227038ECB0007CC21 /* Algorithm.swift */; };
		F515153527038EE30007CC21 /* DFS.swift in Sources */ = {isa = PBXBuildFile; fileRef = F515153427038EE30007CC21 /* DFS.swift */; };
		F515153727038EFB0007CC21 /* UCS.swift in Sources */ = {isa = PBXBuildFile; fileRef = F515153627038EFB0007CC21 /* UCS.swift */; };
		F5151539270390350007CC21 /* PriorityQueue.swift in Sources */ = {isa = PBXBuildFile; fileRef = F5151538270390350007CC21 /* PriorityQueue.swift */; };
		F55CC1A026F24C54008971C8 /* AppDelegate.swift in Sources */ = {isa = PBXBuildFile; fileRef = F55CC19F26F24C54008971C8 /* AppDelegate.swift */; };
		F55CC1A626F24C54008971C8 /* GameScene.swift in Sources */ = {isa = PBXBuildFile; fileRef = F55CC1A526F24C54008971C8 /* GameScene.swift */; };
		F55CC1A826F24C54008971C8 /* GameViewController.swift in Sources */ = {isa = PBXBuildFile; fileRef = F55CC1A726F24C54008971C8 /* GameViewController.swift */; };
		F55CC1AB26F24C54008971C8 /* Main.storyboard in Resources */ = {isa = PBXBuildFile; fileRef = F55CC1A926F24C54008971C8 /* Main.storyboard */; };
		F55CC1AD26F24C55008971C8 /* Assets.xcassets in Resources */ = {isa = PBXBuildFile; fileRef = F55CC1AC26F24C55008971C8 /* Assets.xcassets */; };
		F565A0DE26FB913E000CE0EF /* Map.swift in Sources */ = {isa = PBXBuildFile; fileRef = F565A0DD26FB913E000CE0EF /* Map.swift */; };
		F565A0E026FB91B3000CE0EF /* Wall.swift in Sources */ = {isa = PBXBuildFile; fileRef = F565A0DF26FB91B3000CE0EF /* Wall.swift */; };
		F565A0E226FB91E7000CE0EF /* Direction.swift in Sources */ = {isa = PBXBuildFile; fileRef = F565A0E126FB91E7000CE0EF /* Direction.swift */; };
		F565A0E426FB91F5000CE0EF /* PacMan.swift in Sources */ = {isa = PBXBuildFile; fileRef = F565A0E326FB91F5000CE0EF /* PacMan.swift */; };
		F565A0E626FBC1BE000CE0EF /* Food.swift in Sources */ = {isa = PBXBuildFile; fileRef = F565A0E526FBC1BE000CE0EF /* Food.swift */; };
		F565A0E826FBC1E9000CE0EF /* TypeMask.swift in Sources */ = {isa = PBXBuildFile; fileRef = F565A0E726FBC1E9000CE0EF /* TypeMask.swift */; };
		F565A0EA26FBC402000CE0EF /* Ghost.swift in Sources */ = {isa = PBXBuildFile; fileRef = F565A0E926FBC402000CE0EF /* Ghost.swift */; };
		F565A0F026FC5359000CE0EF /* GameOverScene.swift in Sources */ = {isa = PBXBuildFile; fileRef = F565A0EF26FC5359000CE0EF /* GameOverScene.swift */; };
/* End PBXBuildFile section */

/* Begin PBXFileReference section */
		1E4110BC810ABEB4E8ED9C22 /* Pods_Pacman.framework */ = {isa = PBXFileReference; explicitFileType = wrapper.framework; includeInIndex = 0; path = Pods_Pacman.framework; sourceTree = BUILT_PRODUCTS_DIR; };
		360506CCDF1D6C2E88723ED2 /* Pods-Pacman.debug.xcconfig */ = {isa = PBXFileReference; includeInIndex = 1; lastKnownFileType = text.xcconfig; name = "Pods-Pacman.debug.xcconfig"; path = "Target Support Files/Pods-Pacman/Pods-Pacman.debug.xcconfig"; sourceTree = "<group>"; };
		9E4C62EC848EC5D5E21D7E9E /* Pods-Pacman.release.xcconfig */ = {isa = PBXFileReference; includeInIndex = 1; lastKnownFileType = text.xcconfig; name = "Pods-Pacman.release.xcconfig"; path = "Target Support Files/Pods-Pacman/Pods-Pacman.release.xcconfig"; sourceTree = "<group>"; };
		F515152F27038EA70007CC21 /* BFS.swift */ = {isa = PBXFileReference; lastKnownFileType = sourcecode.swift; path = BFS.swift; sourceTree = "<group>"; };
		F515153227038ECB0007CC21 /* Algorithm.swift */ = {isa = PBXFileReference; lastKnownFileType = sourcecode.swift; path = Algorithm.swift; sourceTree = "<group>"; };
		F515153427038EE30007CC21 /* DFS.swift */ = {isa = PBXFileReference; lastKnownFileType = sourcecode.swift; path = DFS.swift; sourceTree = "<group>"; };
		F515153627038EFB0007CC21 /* UCS.swift */ = {isa = PBXFileReference; lastKnownFileType = sourcecode.swift; path = UCS.swift; sourceTree = "<group>"; };
		F5151538270390350007CC21 /* PriorityQueue.swift */ = {isa = PBXFileReference; lastKnownFileType = sourcecode.swift; path = PriorityQueue.swift; sourceTree = "<group>"; };
		F55CC19C26F24C54008971C8 /* Pacman.app */ = {isa = PBXFileReference; explicitFileType = wrapper.application; includeInIndex = 0; path = Pacman.app; sourceTree = BUILT_PRODUCTS_DIR; };
		F55CC19F26F24C54008971C8 /* AppDelegate.swift */ = {isa = PBXFileReference; lastKnownFileType = sourcecode.swift; path = AppDelegate.swift; sourceTree = "<group>"; };
		F55CC1A526F24C54008971C8 /* GameScene.swift */ = {isa = PBXFileReference; lastKnownFileType = sourcecode.swift; path = GameScene.swift; sourceTree = "<group>"; };
		F55CC1A726F24C54008971C8 /* GameViewController.swift */ = {isa = PBXFileReference; lastKnownFileType = sourcecode.swift; path = GameViewController.swift; sourceTree = "<group>"; };
		F55CC1AA26F24C54008971C8 /* Base */ = {isa = PBXFileReference; lastKnownFileType = file.storyboard; name = Base; path = Base.lproj/Main.storyboard; sourceTree = "<group>"; };
		F55CC1AC26F24C55008971C8 /* Assets.xcassets */ = {isa = PBXFileReference; lastKnownFileType = folder.assetcatalog; path = Assets.xcassets; sourceTree = "<group>"; };
		F55CC1AE26F24C55008971C8 /* Info.plist */ = {isa = PBXFileReference; lastKnownFileType = text.plist.xml; path = Info.plist; sourceTree = "<group>"; };
		F565A0DD26FB913E000CE0EF /* Map.swift */ = {isa = PBXFileReference; lastKnownFileType = sourcecode.swift; path = Map.swift; sourceTree = "<group>"; };
		F565A0DF26FB91B3000CE0EF /* Wall.swift */ = {isa = PBXFileReference; lastKnownFileType = sourcecode.swift; path = Wall.swift; sourceTree = "<group>"; };
		F565A0E126FB91E7000CE0EF /* Direction.swift */ = {isa = PBXFileReference; lastKnownFileType = sourcecode.swift; path = Direction.swift; sourceTree = "<group>"; };
		F565A0E326FB91F5000CE0EF /* PacMan.swift */ = {isa = PBXFileReference; lastKnownFileType = sourcecode.swift; path = PacMan.swift; sourceTree = "<group>"; };
		F565A0E526FBC1BE000CE0EF /* Food.swift */ = {isa = PBXFileReference; lastKnownFileType = sourcecode.swift; path = Food.swift; sourceTree = "<group>"; };
		F565A0E726FBC1E9000CE0EF /* TypeMask.swift */ = {isa = PBXFileReference; lastKnownFileType = sourcecode.swift; path = TypeMask.swift; sourceTree = "<group>"; };
		F565A0E926FBC402000CE0EF /* Ghost.swift */ = {isa = PBXFileReference; lastKnownFileType = sourcecode.swift; path = Ghost.swift; sourceTree = "<group>"; };
		F565A0EF26FC5359000CE0EF /* GameOverScene.swift */ = {isa = PBXFileReference; fileEncoding = 4; lastKnownFileType = sourcecode.swift; path = GameOverScene.swift; sourceTree = "<group>"; };
/* End PBXFileReference section */

/* Begin PBXFrameworksBuildPhase section */
		F55CC19926F24C54008971C8 /* Frameworks */ = {
			isa = PBXFrameworksBuildPhase;
			buildActionMask = 2147483647;
			files = (
				34B08FF4A3ED43D18807729D /* Pods_Pacman.framework in Frameworks */,
			);
			runOnlyForDeploymentPostprocessing = 0;
		};
/* End PBXFrameworksBuildPhase section */

/* Begin PBXGroup section */
		41B0105056A3ADFCE4F75341 /* Frameworks */ = {
			isa = PBXGroup;
			children = (
				1E4110BC810ABEB4E8ED9C22 /* Pods_Pacman.framework */,
			);
			name = Frameworks;
			sourceTree = "<group>";
		};
		A97D29D563CAD8983D9429DC /* Pods */ = {
			isa = PBXGroup;
			children = (
				360506CCDF1D6C2E88723ED2 /* Pods-Pacman.debug.xcconfig */,
				9E4C62EC848EC5D5E21D7E9E /* Pods-Pacman.release.xcconfig */,
			);
			name = Pods;
			path = Pods;
			sourceTree = "<group>";
		};
		F515152E27038E9C0007CC21 /* Algorithms */ = {
			isa = PBXGroup;
			children = (
				F515152F27038EA70007CC21 /* BFS.swift */,
				F515153427038EE30007CC21 /* DFS.swift */,
				F515153627038EFB0007CC21 /* UCS.swift */,
			);
			path = Algorithms;
			sourceTree = "<group>";
		};
		F515153127038EB90007CC21 /* Protocols */ = {
			isa = PBXGroup;
			children = (
				F515153227038ECB0007CC21 /* Algorithm.swift */,
			);
			path = Protocols;
			sourceTree = "<group>";
		};
		F55CC19326F24C54008971C8 = {
			isa = PBXGroup;
			children = (
				F55CC19E26F24C54008971C8 /* Pacman */,
				F55CC19D26F24C54008971C8 /* Products */,
				A97D29D563CAD8983D9429DC /* Pods */,
				41B0105056A3ADFCE4F75341 /* Frameworks */,
			);
			sourceTree = "<group>";
		};
		F55CC19D26F24C54008971C8 /* Products */ = {
			isa = PBXGroup;
			children = (
				F55CC19C26F24C54008971C8 /* Pacman.app */,
			);
			name = Products;
			sourceTree = "<group>";
		};
		F55CC19E26F24C54008971C8 /* Pacman */ = {
			isa = PBXGroup;
			children = (
				F515153127038EB90007CC21 /* Protocols */,
				F515152E27038E9C0007CC21 /* Algorithms */,
				F55CC19F26F24C54008971C8 /* AppDelegate.swift */,
				F55CC1A526F24C54008971C8 /* GameScene.swift */,
				F55CC1A726F24C54008971C8 /* GameViewController.swift */,
				F55CC1A926F24C54008971C8 /* Main.storyboard */,
				F55CC1AC26F24C55008971C8 /* Assets.xcassets */,
				F55CC1AE26F24C55008971C8 /* Info.plist */,
				F565A0DD26FB913E000CE0EF /* Map.swift */,
				F565A0DF26FB91B3000CE0EF /* Wall.swift */,
				F565A0E126FB91E7000CE0EF /* Direction.swift */,
				F565A0E326FB91F5000CE0EF /* PacMan.swift */,
				F565A0E526FBC1BE000CE0EF /* Food.swift */,
				F565A0E726FBC1E9000CE0EF /* TypeMask.swift */,
				F565A0EF26FC5359000CE0EF /* GameOverScene.swift */,
				F565A0E926FBC402000CE0EF /* Ghost.swift */,
				F5151538270390350007CC21 /* PriorityQueue.swift */,
			);
			path = Pacman;
			sourceTree = "<group>";
		};
/* End PBXGroup section */

/* Begin PBXNativeTarget section */
		F55CC19B26F24C54008971C8 /* Pacman */ = {
			isa = PBXNativeTarget;
			buildConfigurationList = F55CC1B126F24C55008971C8 /* Build configuration list for PBXNativeTarget "Pacman" */;
			buildPhases = (
				D00AFE72BF56929FF74B5606 /* [CP] Check Pods Manifest.lock */,
				F55CC19826F24C54008971C8 /* Sources */,
				F55CC19926F24C54008971C8 /* Frameworks */,
				F55CC19A26F24C54008971C8 /* Resources */,
			);
			buildRules = (
			);
			dependencies = (
			);
			name = Pacman;
			productName = Pacman;
			productReference = F55CC19C26F24C54008971C8 /* Pacman.app */;
			productType = "com.apple.product-type.application";
		};
/* End PBXNativeTarget section */

/* Begin PBXProject section */
		F55CC19426F24C54008971C8 /* Project object */ = {
			isa = PBXProject;
			attributes = {
				LastSwiftUpdateCheck = 1250;
				LastUpgradeCheck = 1250;
				TargetAttributes = {
					F55CC19B26F24C54008971C8 = {
						CreatedOnToolsVersion = 12.5;
					};
				};
			};
			buildConfigurationList = F55CC19726F24C54008971C8 /* Build configuration list for PBXProject "Pacman" */;
			compatibilityVersion = "Xcode 9.3";
			developmentRegion = en;
			hasScannedForEncodings = 0;
			knownRegions = (
				en,
				Base,
			);
			mainGroup = F55CC19326F24C54008971C8;
			productRefGroup = F55CC19D26F24C54008971C8 /* Products */;
			projectDirPath = "";
			projectRoot = "";
			targets = (
				F55CC19B26F24C54008971C8 /* Pacman */,
			);
		};
/* End PBXProject section */

/* Begin PBXResourcesBuildPhase section */
		F55CC19A26F24C54008971C8 /* Resources */ = {
			isa = PBXResourcesBuildPhase;
			buildActionMask = 2147483647;
			files = (
				F55CC1AB26F24C54008971C8 /* Main.storyboard in Resources */,
				F55CC1AD26F24C55008971C8 /* Assets.xcassets in Resources */,
			);
			runOnlyForDeploymentPostprocessing = 0;
		};
/* End PBXResourcesBuildPhase section */

/* Begin PBXShellScriptBuildPhase section */
		D00AFE72BF56929FF74B5606 /* [CP] Check Pods Manifest.lock */ = {
			isa = PBXShellScriptBuildPhase;
			buildActionMask = 2147483647;
			files = (
			);
			inputFileListPaths = (
			);
			inputPaths = (
				"${PODS_PODFILE_DIR_PATH}/Podfile.lock",
				"${PODS_ROOT}/Manifest.lock",
			);
			name = "[CP] Check Pods Manifest.lock";
			outputFileListPaths = (
			);
			outputPaths = (
				"$(DERIVED_FILE_DIR)/Pods-Pacman-checkManifestLockResult.txt",
			);
			runOnlyForDeploymentPostprocessing = 0;
			shellPath = /bin/sh;
			shellScript = "diff \"${PODS_PODFILE_DIR_PATH}/Podfile.lock\" \"${PODS_ROOT}/Manifest.lock\" > /dev/null\nif [ $? != 0 ] ; then\n    # print error to STDERR\n    echo \"error: The sandbox is not in sync with the Podfile.lock. Run 'pod install' or update your CocoaPods installation.\" >&2\n    exit 1\nfi\n# This output is used by Xcode 'outputs' to avoid re-running this script phase.\necho \"SUCCESS\" > \"${SCRIPT_OUTPUT_FILE_0}\"\n";
			showEnvVarsInLog = 0;
		};
/* End PBXShellScriptBuildPhase section */

/* Begin PBXSourcesBuildPhase section */
		F55CC19826F24C54008971C8 /* Sources */ = {
			isa = PBXSourcesBuildPhase;
			buildActionMask = 2147483647;
			files = (
				F565A0E826FBC1E9000CE0EF /* TypeMask.swift in Sources */,
				F55CC1A626F24C54008971C8 /* GameScene.swift in Sources */,
				F565A0F026FC5359000CE0EF /* GameOverScene.swift in Sources */,
				F55CC1A826F24C54008971C8 /* GameViewController.swift in Sources */,
				F565A0E026FB91B3000CE0EF /* Wall.swift in Sources */,
				F5151539270390350007CC21 /* PriorityQueue.swift in Sources */,
				F515153727038EFB0007CC21 /* UCS.swift in Sources */,
				F515153527038EE30007CC21 /* DFS.swift in Sources */,
				F565A0DE26FB913E000CE0EF /* Map.swift in Sources */,
				F565A0E426FB91F5000CE0EF /* PacMan.swift in Sources */,
				F565A0E626FBC1BE000CE0EF /* Food.swift in Sources */,
				F565A0EA26FBC402000CE0EF /* Ghost.swift in Sources */,
				F55CC1A026F24C54008971C8 /* AppDelegate.swift in Sources */,
				F515153327038ECB0007CC21 /* Algorithm.swift in Sources */,
				F565A0E226FB91E7000CE0EF /* Direction.swift in Sources */,
				F515153027038EA70007CC21 /* BFS.swift in Sources */,
			);
			runOnlyForDeploymentPostprocessing = 0;
		};
/* End PBXSourcesBuildPhase section */

/* Begin PBXVariantGroup section */
		F55CC1A926F24C54008971C8 /* Main.storyboard */ = {
			isa = PBXVariantGroup;
			children = (
				F55CC1AA26F24C54008971C8 /* Base */,
			);
			name = Main.storyboard;
			sourceTree = "<group>";
		};
/* End PBXVariantGroup section */

/* Begin XCBuildConfiguration section */
		F55CC1AF26F24C55008971C8 /* Debug */ = {
			isa = XCBuildConfiguration;
			buildSettings = {
				ALWAYS_SEARCH_USER_PATHS = NO;
				CLANG_ANALYZER_NONNULL = YES;
				CLANG_ANALYZER_NUMBER_OBJECT_CONVERSION = YES_AGGRESSIVE;
				CLANG_CXX_LANGUAGE_STANDARD = "gnu++14";
				CLANG_CXX_LIBRARY = "libc++";
				CLANG_ENABLE_MODULES = YES;
				CLANG_ENABLE_OBJC_ARC = YES;
				CLANG_ENABLE_OBJC_WEAK = YES;
				CLANG_WARN_BLOCK_CAPTURE_AUTORELEASING = YES;
				CLANG_WARN_BOOL_CONVERSION = YES;
				CLANG_WARN_COMMA = YES;
				CLANG_WARN_CONSTANT_CONVERSION = YES;
				CLANG_WARN_DEPRECATED_OBJC_IMPLEMENTATIONS = YES;
				CLANG_WARN_DIRECT_OBJC_ISA_USAGE = YES_ERROR;
				CLANG_WARN_DOCUMENTATION_COMMENTS = YES;
				CLANG_WARN_EMPTY_BODY = YES;
				CLANG_WARN_ENUM_CONVERSION = YES;
				CLANG_WARN_INFINITE_RECURSION = YES;
				CLANG_WARN_INT_CONVERSION = YES;
				CLANG_WARN_NON_LITERAL_NULL_CONVERSION = YES;
				CLANG_WARN_OBJC_IMPLICIT_RETAIN_SELF = YES;
				CLANG_WARN_OBJC_LITERAL_CONVERSION = YES;
				CLANG_WARN_OBJC_ROOT_CLASS = YES_ERROR;
				CLANG_WARN_QUOTED_INCLUDE_IN_FRAMEWORK_HEADER = YES;
				CLANG_WARN_RANGE_LOOP_ANALYSIS = YES;
				CLANG_WARN_STRICT_PROTOTYPES = YES;
				CLANG_WARN_SUSPICIOUS_MOVE = YES;
				CLANG_WARN_UNGUARDED_AVAILABILITY = YES_AGGRESSIVE;
				CLANG_WARN_UNREACHABLE_CODE = YES;
				CLANG_WARN__DUPLICATE_METHOD_MATCH = YES;
				COPY_PHASE_STRIP = NO;
				DEBUG_INFORMATION_FORMAT = dwarf;
				ENABLE_STRICT_OBJC_MSGSEND = YES;
				ENABLE_TESTABILITY = YES;
				GCC_C_LANGUAGE_STANDARD = gnu11;
				GCC_DYNAMIC_NO_PIC = NO;
				GCC_NO_COMMON_BLOCKS = YES;
				GCC_OPTIMIZATION_LEVEL = 0;
				GCC_PREPROCESSOR_DEFINITIONS = (
					"DEBUG=1",
					"$(inherited)",
				);
				GCC_WARN_64_TO_32_BIT_CONVERSION = YES;
				GCC_WARN_ABOUT_RETURN_TYPE = YES_ERROR;
				GCC_WARN_UNDECLARED_SELECTOR = YES;
				GCC_WARN_UNINITIALIZED_AUTOS = YES_AGGRESSIVE;
				GCC_WARN_UNUSED_FUNCTION = YES;
				GCC_WARN_UNUSED_VARIABLE = YES;
				IPHONEOS_DEPLOYMENT_TARGET = 14.5;
				MTL_ENABLE_DEBUG_INFO = INCLUDE_SOURCE;
				MTL_FAST_MATH = YES;
				ONLY_ACTIVE_ARCH = YES;
				SDKROOT = iphoneos;
				SWIFT_ACTIVE_COMPILATION_CONDITIONS = DEBUG;
				SWIFT_OPTIMIZATION_LEVEL = "-Onone";
			};
			name = Debug;
		};
		F55CC1B026F24C55008971C8 /* Release */ = {
			isa = XCBuildConfiguration;
			buildSettings = {
				ALWAYS_SEARCH_USER_PATHS = NO;
				CLANG_ANALYZER_NONNULL = YES;
				CLANG_ANALYZER_NUMBER_OBJECT_CONVERSION = YES_AGGRESSIVE;
				CLANG_CXX_LANGUAGE_STANDARD = "gnu++14";
				CLANG_CXX_LIBRARY = "libc++";
				CLANG_ENABLE_MODULES = YES;
				CLANG_ENABLE_OBJC_ARC = YES;
				CLANG_ENABLE_OBJC_WEAK = YES;
				CLANG_WARN_BLOCK_CAPTURE_AUTORELEASING = YES;
				CLANG_WARN_BOOL_CONVERSION = YES;
				CLANG_WARN_COMMA = YES;
				CLANG_WARN_CONSTANT_CONVERSION = YES;
				CLANG_WARN_DEPRECATED_OBJC_IMPLEMENTATIONS = YES;
				CLANG_WARN_DIRECT_OBJC_ISA_USAGE = YES_ERROR;
				CLANG_WARN_DOCUMENTATION_COMMENTS = YES;
				CLANG_WARN_EMPTY_BODY = YES;
				CLANG_WARN_ENUM_CONVERSION = YES;
				CLANG_WARN_INFINITE_RECURSION = YES;
				CLANG_WARN_INT_CONVERSION = YES;
				CLANG_WARN_NON_LITERAL_NULL_CONVERSION = YES;
				CLANG_WARN_OBJC_IMPLICIT_RETAIN_SELF = YES;
				CLANG_WARN_OBJC_LITERAL_CONVERSION = YES;
				CLANG_WARN_OBJC_ROOT_CLASS = YES_ERROR;
				CLANG_WARN_QUOTED_INCLUDE_IN_FRAMEWORK_HEADER = YES;
				CLANG_WARN_RANGE_LOOP_ANALYSIS = YES;
				CLANG_WARN_STRICT_PROTOTYPES = YES;
				CLANG_WARN_SUSPICIOUS_MOVE = YES;
				CLANG_WARN_UNGUARDED_AVAILABILITY = YES_AGGRESSIVE;
				CLANG_WARN_UNREACHABLE_CODE = YES;
				CLANG_WARN__DUPLICATE_METHOD_MATCH = YES;
				COPY_PHASE_STRIP = NO;
				DEBUG_INFORMATION_FORMAT = "dwarf-with-dsym";
				ENABLE_NS_ASSERTIONS = NO;
				ENABLE_STRICT_OBJC_MSGSEND = YES;
				GCC_C_LANGUAGE_STANDARD = gnu11;
				GCC_NO_COMMON_BLOCKS = YES;
				GCC_WARN_64_TO_32_BIT_CONVERSION = YES;
				GCC_WARN_ABOUT_RETURN_TYPE = YES_ERROR;
				GCC_WARN_UNDECLARED_SELECTOR = YES;
				GCC_WARN_UNINITIALIZED_AUTOS = YES_AGGRESSIVE;
				GCC_WARN_UNUSED_FUNCTION = YES;
				GCC_WARN_UNUSED_VARIABLE = YES;
				IPHONEOS_DEPLOYMENT_TARGET = 14.5;
				MTL_ENABLE_DEBUG_INFO = NO;
				MTL_FAST_MATH = YES;
				SDKROOT = iphoneos;
				SWIFT_COMPILATION_MODE = wholemodule;
				SWIFT_OPTIMIZATION_LEVEL = "-O";
				VALIDATE_PRODUCT = YES;
			};
			name = Release;
		};
		F55CC1B226F24C55008971C8 /* Debug */ = {
			isa = XCBuildConfiguration;
			baseConfigurationReference = 360506CCDF1D6C2E88723ED2 /* Pods-Pacman.debug.xcconfig */;
			buildSettings = {
				ASSETCATALOG_COMPILER_APPICON_NAME = AppIcon;
				ASSETCATALOG_COMPILER_GLOBAL_ACCENT_COLOR_NAME = AccentColor;
				CODE_SIGN_STYLE = Automatic;
				DEVELOPMENT_TEAM = MKPAR8VJYY;
				INFOPLIST_FILE = Pacman/Info.plist;
				LD_RUNPATH_SEARCH_PATHS = (
					"$(inherited)",
					"@executable_path/Frameworks",
				);
				PRODUCT_BUNDLE_IDENTIFIER = com.milin.Pacman;
				PRODUCT_NAME = "$(TARGET_NAME)";
				SWIFT_VERSION = 5.0;
				TARGETED_DEVICE_FAMILY = "1,2";
			};
			name = Debug;
		};
		F55CC1B326F24C55008971C8 /* Release */ = {
			isa = XCBuildConfiguration;
			baseConfigurationReference = 9E4C62EC848EC5D5E21D7E9E /* Pods-Pacman.release.xcconfig */;
			buildSettings = {
				ASSETCATALOG_COMPILER_APPICON_NAME = AppIcon;
				ASSETCATALOG_COMPILER_GLOBAL_ACCENT_COLOR_NAME = AccentColor;
				CODE_SIGN_STYLE = Automatic;
				DEVELOPMENT_TEAM = MKPAR8VJYY;
				INFOPLIST_FILE = Pacman/Info.plist;
				LD_RUNPATH_SEARCH_PATHS = (
					"$(inherited)",
					"@executable_path/Frameworks",
				);
				PRODUCT_BUNDLE_IDENTIFIER = com.milin.Pacman;
				PRODUCT_NAME = "$(TARGET_NAME)";
				SWIFT_VERSION = 5.0;
				TARGETED_DEVICE_FAMILY = "1,2";
			};
			name = Release;
		};
/* End XCBuildConfiguration section */

/* Begin XCConfigurationList section */
		F55CC19726F24C54008971C8 /* Build configuration list for PBXProject "Pacman" */ = {
			isa = XCConfigurationList;
			buildConfigurations = (
				F55CC1AF26F24C55008971C8 /* Debug */,
				F55CC1B026F24C55008971C8 /* Release */,
			);
			defaultConfigurationIsVisible = 0;
			defaultConfigurationName = Release;
		};
		F55CC1B126F24C55008971C8 /* Build configuration list for PBXNativeTarget "Pacman" */ = {
			isa = XCConfigurationList;
			buildConfigurations = (
				F55CC1B226F24C55008971C8 /* Debug */,
				F55CC1B326F24C55008971C8 /* Release */,
			);
			defaultConfigurationIsVisible = 0;
			defaultConfigurationName = Release;
		};
/* End XCConfigurationList section */
	};
	rootObject = F55CC19426F24C54008971C8 /* Project object */;
}
